
Microsoft Visual Studio Solution File, Format Version 12.00
# Visual Studio Version 17
VisualStudioVersion = 17.1.32414.318
MinimumVisualStudioVersion = 10.0.40219.1
Project("{FAE04EC0-301F-11D3-BF4B-00C04F79EFBC}") = "TicTacToe_Rod", "TicTacToe_Rod\TicTacToe_Rod.csproj", "{DD2219C7-1B54-436C-8A91-8CEBDF8D0A03}"
EndProject
Global
	GlobalSection(SolutionConfigurationPlatforms) = preSolution
		Debug|Any CPU = Debug|Any CPU
		Release|Any CPU = Release|Any CPU
	EndGlobalSection
	GlobalSection(ProjectConfigurationPlatforms) = postSolution
		{DD2219C7-1B54-436C-8A91-8CEBDF8D0A03}.Debug|Any CPU.ActiveCfg = Debug|Any CPU
		{DD2219C7-1B54-436C-8A91-8CEBDF8D0A03}.Debug|Any CPU.Build.0 = Debug|Any CPU
		{DD2219C7-1B54-436C-8A91-8CEBDF8D0A03}.Release|Any CPU.ActiveCfg = Release|Any CPU
		{DD2219C7-1B54-436C-8A91-8CEBDF8D0A03}.Release|Any CPU.Build.0 = Release|Any CPU
	EndGlobalSection
	GlobalSection(SolutionProperties) = preSolution
		HideSolutionNode = FALSE
	EndGlobalSection
	GlobalSection(ExtensibilityGlobals) = postSolution
		SolutionGuid = {F0559C71-D840-4C12-AF76-08F201BEFDC2}
	EndGlobalSection
EndGlobal
